
Microsoft Visual Studio Solution File, Format Version 12.00
# Visual Studio Version 16
VisualStudioVersion = 16.0.31729.503
MinimumVisualStudioVersion = 10.0.40219.1
Project("{FAE04EC0-301F-11D3-BF4B-00C04F79EFBC}") = "API_EFCore_StoredPro", "API_EFCore_StoredPro\API_EFCore_StoredPro.csproj", "{DE1F2CBD-CD26-43EE-94B2-F4DC311D126D}"
EndProject
Global
	GlobalSection(SolutionConfigurationPlatforms) = preSolution
		Debug|Any CPU = Debug|Any CPU
		Release|Any CPU = Release|Any CPU
	EndGlobalSection
	GlobalSection(ProjectConfigurationPlatforms) = postSolution
		{DE1F2CBD-CD26-43EE-94B2-F4DC311D126D}.Debug|Any CPU.ActiveCfg = Debug|Any CPU
		{DE1F2CBD-CD26-43EE-94B2-F4DC311D126D}.Debug|Any CPU.Build.0 = Debug|Any CPU
		{DE1F2CBD-CD26-43EE-94B2-F4DC311D126D}.Release|Any CPU.ActiveCfg = Release|Any CPU
		{DE1F2CBD-CD26-43EE-94B2-F4DC311D126D}.Release|Any CPU.Build.0 = Release|Any CPU
	EndGlobalSection
	GlobalSection(SolutionProperties) = preSolution
		HideSolutionNode = FALSE
	EndGlobalSection
	GlobalSection(ExtensibilityGlobals) = postSolution
		SolutionGuid = {E8B48E50-C2EA-4A78-AD8A-5B08B5C8F98E}
	EndGlobalSection
EndGlobal
